{
  "version": 4,
  "terraform_version": "1.6.6",
  "serial": 5,
  "lineage": "2b4a0fe4-08af-dcb9-8e1a-3e17fa51417e",
  "outputs": {},
  "resources": [
    {
      "module": "module.backend",
      "mode": "managed",
      "type": "aws_s3_bucket",
      "name": "terraform_state_bucket",
      "provider": "provider[\"registry.terraform.io/hashicorp/aws\"]",
      "instances": [
        {
          "schema_version": 0,
          "attributes": {
            "acceleration_status": "",
            "acl": null,
            "arn": "arn:aws:s3:::terrafrom-state-bucket-ll",
            "bucket": "terrafrom-state-bucket-ll",
            "bucket_domain_name": "terrafrom-state-bucket-ll.s3.amazonaws.com",
            "bucket_prefix": "",
            "bucket_regional_domain_name": "terrafrom-state-bucket-ll.s3.us-east-1.amazonaws.com",
            "cors_rule": [],
            "force_destroy": false,
            "grant": [
              {
                "id": "789ae9191d4755b04fbaff77fc28cd0c72d746a4b2f3faa28b236f2de12a3ab3",
                "permissions": [
                  "FULL_CONTROL"
                ],
                "type": "CanonicalUser",
                "uri": ""
              }
            ],
            "hosted_zone_id": "Z3AQBSTGFYJSTF",
            "id": "terrafrom-state-bucket-ll",
            "lifecycle_rule": [],
            "logging": [],
            "object_lock_configuration": [],
            "object_lock_enabled": false,
            "policy": "",
            "region": "us-east-1",
            "replication_configuration": [],
            "request_payer": "BucketOwner",
            "server_side_encryption_configuration": [
              {
                "rule": [
                  {
                    "apply_server_side_encryption_by_default": [
                      {
                        "kms_master_key_id": "",
                        "sse_algorithm": "AES256"
                      }
                    ],
                    "bucket_key_enabled": false
                  }
                ]
              }
            ],
            "tags": {
              "Name": "terrafrom-state-bucket-ll"
            },
            "tags_all": {
              "Name": "terrafrom-state-bucket-ll"
            },
            "timeouts": null,
            "versioning": [
              {
                "enabled": false,
                "mfa_delete": false
              }
            ],
            "website": [],
            "website_domain": null,
            "website_endpoint": null
          },
          "sensitive_attributes": [],
          "private": "eyJlMmJmYjczMC1lY2FhLTExZTYtOGY4OC0zNDM2M2JjN2M0YzAiOnsiY3JlYXRlIjoxMjAwMDAwMDAwMDAwLCJkZWxldGUiOjM2MDAwMDAwMDAwMDAsInJlYWQiOjEyMDAwMDAwMDAwMDAsInVwZGF0ZSI6MTIwMDAwMDAwMDAwMH19"
        }
      ]
    },
    {
      "module": "module.backend",
      "mode": "managed",
      "type": "aws_s3_bucket_versioning",
      "name": "versioning_enabled",
      "provider": "provider[\"registry.terraform.io/hashicorp/aws\"]",
      "instances": [
        {
          "schema_version": 0,
          "attributes": {
            "bucket": "terrafrom-state-bucket-ll",
            "expected_bucket_owner": "",
            "id": "terrafrom-state-bucket-ll",
            "mfa": null,
            "versioning_configuration": [
              {
                "mfa_delete": "",
                "status": "Enabled"
              }
            ]
          },
          "sensitive_attributes": [],
          "private": "bnVsbA==",
          "dependencies": [
            "module.backend.aws_s3_bucket.terraform_state_bucket"
          ]
        }
      ]
    }
  ],
  "check_results": null
}
